// !$*UTF8*$!
{
	archiveVersion = 1;
	classes = {
	};
	objectVersion = 46;
	objects = {

/* Begin PBXBuildFile section */
		87FAAF071AE696E40073AC6F /* main.c in Sources */ = {isa = PBXBuildFile; fileRef = 87FAAF061AE696E40073AC6F /* main.c */; };
		87FAAF0F1AE6E3A20073AC6F /* Arguments.c in Sources */ = {isa = PBXBuildFile; fileRef = 87FAAF0E1AE6E3A20073AC6F /* Arguments.c */; };
/* End PBXBuildFile section */

/* Begin PBXCopyFilesBuildPhase section */
		87FAAF011AE696E40073AC6F /* CopyFiles */ = {
			isa = PBXCopyFilesBuildPhase;
			buildActionMask = 2147483647;
			dstPath = /usr/share/man/man1/;
			dstSubfolderSpec = 0;
			files = (
			);
			runOnlyForDeploymentPostprocessing = 1;
		};
/* End PBXCopyFilesBuildPhase section */

/* Begin PBXFileReference section */
		87FAAF031AE696E40073AC6F /* TP1 - Deteccion de seniales */ = {isa = PBXFileReference; explicitFileType = "compiled.mach-o.executable"; includeInIndex = 0; path = "TP1 - Deteccion de seniales"; sourceTree = BUILT_PRODUCTS_DIR; };
		87FAAF061AE696E40073AC6F /* main.c */ = {isa = PBXFileReference; lastKnownFileType = sourcecode.c.c; path = main.c; sourceTree = "<group>"; };
		87FAAF0D1AE6E3940073AC6F /* Arguments.h */ = {isa = PBXFileReference; lastKnownFileType = sourcecode.c.h; path = Arguments.h; sourceTree = "<group>"; };
		87FAAF0E1AE6E3A20073AC6F /* Arguments.c */ = {isa = PBXFileReference; fileEncoding = 4; lastKnownFileType = sourcecode.c.c; path = Arguments.c; sourceTree = "<group>"; };
/* End PBXFileReference section */

/* Begin PBXFrameworksBuildPhase section */
		87FAAF001AE696E40073AC6F /* Frameworks */ = {
			isa = PBXFrameworksBuildPhase;
			buildActionMask = 2147483647;
			files = (
			);
			runOnlyForDeploymentPostprocessing = 0;
		};
/* End PBXFrameworksBuildPhase section */

/* Begin PBXGroup section */
		87FAAEFA1AE696E40073AC6F = {
			isa = PBXGroup;
			children = (
				87FAAF051AE696E40073AC6F /* TP1 - Deteccion de seniales */,
				87FAAF041AE696E40073AC6F /* Products */,
			);
			sourceTree = "<group>";
		};
		87FAAF041AE696E40073AC6F /* Products */ = {
			isa = PBXGroup;
			children = (
				87FAAF031AE696E40073AC6F /* TP1 - Deteccion de seniales */,
			);
			name = Products;
			sourceTree = "<group>";
		};
		87FAAF051AE696E40073AC6F /* TP1 - Deteccion de seniales */ = {
			isa = PBXGroup;
			children = (
				87FAAF061AE696E40073AC6F /* main.c */,
				87FAAF0D1AE6E3940073AC6F /* Arguments.h */,
				87FAAF0E1AE6E3A20073AC6F /* Arguments.c */,
			);
			path = "TP1 - Deteccion de seniales";
			sourceTree = "<group>";
		};
/* End PBXGroup section */

/* Begin PBXNativeTarget section */
		87FAAF021AE696E40073AC6F /* TP1 - Deteccion de seniales */ = {
			isa = PBXNativeTarget;
			buildConfigurationList = 87FAAF0A1AE696E40073AC6F /* Build configuration list for PBXNativeTarget "TP1 - Deteccion de seniales" */;
			buildPhases = (
				87FAAEFF1AE696E40073AC6F /* Sources */,
				87FAAF001AE696E40073AC6F /* Frameworks */,
				87FAAF011AE696E40073AC6F /* CopyFiles */,
			);
			buildRules = (
			);
			dependencies = (
			);
			name = "TP1 - Deteccion de seniales";
			productName = "TP1 - Deteccion de seniales";
			productReference = 87FAAF031AE696E40073AC6F /* TP1 - Deteccion de seniales */;
			productType = "com.apple.product-type.tool";
		};
/* End PBXNativeTarget section */

/* Begin PBXProject section */
		87FAAEFB1AE696E40073AC6F /* Project object */ = {
			isa = PBXProject;
			attributes = {
				LastUpgradeCheck = 0620;
				ORGANIZATIONNAME = "Gastón Montes";
				TargetAttributes = {
					87FAAF021AE696E40073AC6F = {
						CreatedOnToolsVersion = 6.2;
					};
				};
			};
			buildConfigurationList = 87FAAEFE1AE696E40073AC6F /* Build configuration list for PBXProject "TP1 - Deteccion de seniales" */;
			compatibilityVersion = "Xcode 3.2";
			developmentRegion = English;
			hasScannedForEncodings = 0;
			knownRegions = (
				en,
			);
			mainGroup = 87FAAEFA1AE696E40073AC6F;
			productRefGroup = 87FAAF041AE696E40073AC6F /* Products */;
			projectDirPath = "";
			projectRoot = "";
			targets = (
				87FAAF021AE696E40073AC6F /* TP1 - Deteccion de seniales */,
			);
		};
/* End PBXProject section */

/* Begin PBXSourcesBuildPhase section */
		87FAAEFF1AE696E40073AC6F /* Sources */ = {
			isa = PBXSourcesBuildPhase;
			buildActionMask = 2147483647;
			files = (
				87FAAF0F1AE6E3A20073AC6F /* Arguments.c in Sources */,
				87FAAF071AE696E40073AC6F /* main.c in Sources */,
			);
			runOnlyForDeploymentPostprocessing = 0;
		};
/* End PBXSourcesBuildPhase section */

/* Begin XCBuildConfiguration section */
		87FAAF081AE696E40073AC6F /* Debug */ = {
			isa = XCBuildConfiguration;
			buildSettings = {
				ALWAYS_SEARCH_USER_PATHS = NO;
				CLANG_CXX_LANGUAGE_STANDARD = "gnu++0x";
				CLANG_CXX_LIBRARY = "libc++";
				CLANG_ENABLE_MODULES = YES;
				CLANG_ENABLE_OBJC_ARC = YES;
				CLANG_WARN_BOOL_CONVERSION = YES;
				CLANG_WARN_CONSTANT_CONVERSION = YES;
				CLANG_WARN_DIRECT_OBJC_ISA_USAGE = YES_ERROR;
				CLANG_WARN_EMPTY_BODY = YES;
				CLANG_WARN_ENUM_CONVERSION = YES;
				CLANG_WARN_INT_CONVERSION = YES;
				CLANG_WARN_OBJC_ROOT_CLASS = YES_ERROR;
				CLANG_WARN_UNREACHABLE_CODE = YES;
				CLANG_WARN__DUPLICATE_METHOD_MATCH = YES;
				COPY_PHASE_STRIP = NO;
				ENABLE_STRICT_OBJC_MSGSEND = YES;
				GCC_C_LANGUAGE_STANDARD = gnu99;
				GCC_DYNAMIC_NO_PIC = NO;
				GCC_OPTIMIZATION_LEVEL = 0;
				GCC_PREPROCESSOR_DEFINITIONS = (
					"DEBUG=1",
					"$(inherited)",
				);
				GCC_SYMBOLS_PRIVATE_EXTERN = NO;
				GCC_WARN_64_TO_32_BIT_CONVERSION = YES;
				GCC_WARN_ABOUT_RETURN_TYPE = YES_ERROR;
				GCC_WARN_UNDECLARED_SELECTOR = YES;
				GCC_WARN_UNINITIALIZED_AUTOS = YES_AGGRESSIVE;
				GCC_WARN_UNUSED_FUNCTION = YES;
				GCC_WARN_UNUSED_VARIABLE = YES;
				MACOSX_DEPLOYMENT_TARGET = 10.10;
				MTL_ENABLE_DEBUG_INFO = YES;
				ONLY_ACTIVE_ARCH = YES;
				SDKROOT = macosx;
			};
			name = Debug;
		};
		87FAAF091AE696E40073AC6F /* Release */ = {
			isa = XCBuildConfiguration;
			buildSettings = {
				ALWAYS_SEARCH_USER_PATHS = NO;
				CLANG_CXX_LANGUAGE_STANDARD = "gnu++0x";
				CLANG_CXX_LIBRARY = "libc++";
				CLANG_ENABLE_MODULES = YES;
				CLANG_ENABLE_OBJC_ARC = YES;
				CLANG_WARN_BOOL_CONVERSION = YES;
				CLANG_WARN_CONSTANT_CONVERSION = YES;
				CLANG_WARN_DIRECT_OBJC_ISA_USAGE = YES_ERROR;
				CLANG_WARN_EMPTY_BODY = YES;
				CLANG_WARN_ENUM_CONVERSION = YES;
				CLANG_WARN_INT_CONVERSION = YES;
				CLANG_WARN_OBJC_ROOT_CLASS = YES_ERROR;
				CLANG_WARN_UNREACHABLE_CODE = YES;
				CLANG_WARN__DUPLICATE_METHOD_MATCH = YES;
				COPY_PHASE_STRIP = NO;
				DEBUG_INFORMATION_FORMAT = "dwarf-with-dsym";
				ENABLE_NS_ASSERTIONS = NO;
				ENABLE_STRICT_OBJC_MSGSEND = YES;
				GCC_C_LANGUAGE_STANDARD = gnu99;
				GCC_WARN_64_TO_32_BIT_CONVERSION = YES;
				GCC_WARN_ABOUT_RETURN_TYPE = YES_ERROR;
				GCC_WARN_UNDECLARED_SELECTOR = YES;
				GCC_WARN_UNINITIALIZED_AUTOS = YES_AGGRESSIVE;
				GCC_WARN_UNUSED_FUNCTION = YES;
				GCC_WARN_UNUSED_VARIABLE = YES;
				MACOSX_DEPLOYMENT_TARGET = 10.10;
				MTL_ENABLE_DEBUG_INFO = NO;
				SDKROOT = macosx;
			};
			name = Release;
		};
		87FAAF0B1AE696E40073AC6F /* Debug */ = {
			isa = XCBuildConfiguration;
			buildSettings = {
				PRODUCT_NAME = "$(TARGET_NAME)";
			};
			name = Debug;
		};
		87FAAF0C1AE696E40073AC6F /* Release */ = {
			isa = XCBuildConfiguration;
			buildSettings = {
				PRODUCT_NAME = "$(TARGET_NAME)";
			};
			name = Release;
		};
/* End XCBuildConfiguration section */

/* Begin XCConfigurationList section */
		87FAAEFE1AE696E40073AC6F /* Build configuration list for PBXProject "TP1 - Deteccion de seniales" */ = {
			isa = XCConfigurationList;
			buildConfigurations = (
				87FAAF081AE696E40073AC6F /* Debug */,
				87FAAF091AE696E40073AC6F /* Release */,
			);
			defaultConfigurationIsVisible = 0;
			defaultConfigurationName = Release;
		};
		87FAAF0A1AE696E40073AC6F /* Build configuration list for PBXNativeTarget "TP1 - Deteccion de seniales" */ = {
			isa = XCConfigurationList;
			buildConfigurations = (
				87FAAF0B1AE696E40073AC6F /* Debug */,
				87FAAF0C1AE696E40073AC6F /* Release */,
			);
			defaultConfigurationIsVisible = 0;
			defaultConfigurationName = Release;
		};
/* End XCConfigurationList section */
	};
	rootObject = 87FAAEFB1AE696E40073AC6F /* Project object */;
}
